# This file is autogenerated, do not edit; changes may be undone by the next 'dep ensure'.


[[projects]]
  digest = "1:982f7e3a931bd333adbdac86ad5ae44afdd5e987872f8ecba53bb48fe5a30561"
  name = "github.com/Dieterbe/profiletrigger"
  packages = [
    "cpu",
    "heap",
  ]
  pruneopts = "NUT"
  revision = "e8a1450fbba791216851396713af6612d8ababd7"

[[projects]]
  digest = "1:3ccf8ba7afe02fd470c4f07d6eea4d0e6875da3d129f95b925f2003ce5dd2024"
  name = "github.com/StackExchange/wmi"
  packages = ["."]
  pruneopts = "NUT"
  revision = "5d049714c4a64225c3c79a7cf7d02f7fb5b96338"
  version = "1.0.0"

[[projects]]
  branch = "master"
  digest = "1:79cad073c7be02632d3fa52f62486848b089f560db1e94536de83a408c0f4726"
  name = "github.com/benbjohnson/clock"
  packages = ["."]
  pruneopts = "NUT"
  revision = "7dc76406b6d3c05b5f71a86293cbcf3c4ea03b19"

[[projects]]
  branch = "master"
  digest = "1:433a2ff0ef4e2f8634614aab3174783c5ff80120b487712db96cc3712f409583"
  name = "github.com/bmizerany/assert"
  packages = ["."]
  pruneopts = "NUT"
  revision = "b7ed37b82869576c289d7d97fb2bbd8b64a0cb28"

[[projects]]
  branch = "master"
  digest = "1:420e0ed60c4ab01f2f6a18a064044d8e46349b778a0148e08a6dca42af514344"
  name = "github.com/glacjay/goini"
  packages = ["."]
  pruneopts = "NUT"
  revision = "fd3024d87ee21a36d3ccc4367f509fec89cd90ee"

[[projects]]
  digest = "1:022649cb675f044f3b7b6ab58c528dad7b11eee526ecd792a1b04ee4b0c692da"
  name = "github.com/go-ole/go-ole"
  packages = [
    ".",
    "oleutil",
  ]
  pruneopts = "NUT"
  revision = "39dc8486bd0952279431257138bc428275b86797"
  version = "v1.2.2"

[[projects]]
  branch = "master"
  digest = "1:817bb03ae4cb923f024602aa1753f1dcea87c83e10fb3a175ca4fa7a088b1cc7"
  name = "github.com/grafana/globalconf"
  packages = ["."]
  pruneopts = "NUT"
  revision = "7a1aae0695d90c7ce662097c9589dfe1ae3c4f47"

[[projects]]
  digest = "1:ec03f7211ff537ab756c84922a74528b5216ccd2ff568f9d193a3896ff5617e9"
  name = "github.com/grafana/metrictank"
  packages = ["logger"]
  pruneopts = "NUT"
  revision = "e5cdcf00e32d6dce5b25de15800b5d4849b9ee0f"
  version = "v0.11.0"

[[projects]]
  digest = "1:4059c14e87a2de3a434430340521b5feece186c1469eff0834c29a63870de3ed"
  name = "github.com/konsorten/go-windows-terminal-sequences"
  packages = ["."]
  pruneopts = "NUT"
  revision = "5c8c8bd35d3832f5d134ae1e1e375b69a4d25242"
  version = "v1.0.1"

[[projects]]
  digest = "1:7b21c7fc5551b46d1308b4ffa9e9e49b66c7a8b0ba88c0130474b0e7a20d859f"
  name = "github.com/kr/pretty"
  packages = ["."]
  pruneopts = "NUT"
  revision = "73f6ac0b30a98e433b289500d779f50c1a6f0712"
  version = "v0.1.0"

[[projects]]
  digest = "1:c3a7836b5904db0f8b609595b619916a6831cb35b8b714aec39f96d00c6155d8"
  name = "github.com/kr/text"
  packages = ["."]
  pruneopts = "NUT"
  revision = "e2ffdb16a802fe2bb95e2e35ff34f0e53aeef34f"
  version = "v0.1.0"

[[projects]]
  branch = "master"
  digest = "1:fbf2e13dbd89ee228a027b6f49cc139731496b7e910d458d0ff95f95fe3c6250"
  name = "github.com/metrics20/go-metrics20"
  packages = ["carbon20"]
  pruneopts = "NUT"
  revision = "717ed3a27bf9f8d2469e7ea5b36037a4793eee44"

[[projects]]
  digest = "1:d93a8a92b334a4cb605cd0f000a913c4ec84f7b35d4df2386ad8a8cc5d8efbba"
  name = "github.com/raintank/dur"
  packages = ["."]
  pruneopts = "NUT"
  revision = "7b06fb4cf9324a785c2dedea9aa4e47769d54b92"

[[projects]]
  digest = "1:014d86c6b3f1811b99a705133b4f9e9d9c1270fed55497f0387362c728c414b3"
  name = "github.com/shirou/gopsutil"
  packages = [
    "cpu",
    "host",
    "internal/common",
    "mem",
    "net",
    "process",
  ]
  pruneopts = "NUT"
  revision = "ccc1c1016bc5d10e803189ee43417c50cdde7f1b"
  version = "v2.18.12"

[[projects]]
  branch = "master"
  digest = "1:869e13958e05ca96407cecebea71a60310256aba8f70244d05a06ce09e3f60ba"
  name = "github.com/shirou/w32"
  packages = ["."]
  pruneopts = "NUT"
  revision = "bb4de0191aa41b5507caa14b0650cdbddcd9280b"

[[projects]]
  digest = "1:807da2ada16d2e0c37c825753667a4d5d05e89bc93aa617fce7ad6b155293e56"
  name = "github.com/sirupsen/logrus"
  packages = ["."]
  pruneopts = "NUT"
  revision = "08e90462da344fbb3880e8e47a0ddacc37508579"

[[projects]]
  branch = "master"
  digest = "1:74af7d529e7d233b2db14b2fe1710e5af50d56766bfb783c71d6c47da8785b12"
  name = "github.com/tv42/topic"
  packages = ["."]
  pruneopts = "NUT"
  revision = "aa72cbe81b4823f349da47a4d749cdda61677c09"

[[projects]]
  branch = "master"
  digest = "1:38f553aff0273ad6f367cb0a0f8b6eecbaef8dc6cb8b50e57b6a81c1d5b1e332"
  name = "golang.org/x/crypto"
  packages = ["ssh/terminal"]
  pruneopts = "NUT"
  revision = "ff983b9c42bc9fbf91556e191cc8efb585c16908"

[[projects]]
  branch = "master"
  digest = "1:07aaaa686ca4f19afc6a85c83991253218d1582fb536078ae2fcde1df0d0ec91"
  name = "golang.org/x/sys"
  packages = [
    "unix",
    "windows",
  ]
  pruneopts = "NUT"
  revision = "82a175fd1598e8a172e58ebdf5ed262bb29129e5"

[solve-meta]
  analyzer-name = "dep"
  analyzer-version = 1
  input-imports = [
    "github.com/Dieterbe/profiletrigger/cpu",
    "github.com/Dieterbe/profiletrigger/heap",
    "github.com/benbjohnson/clock",
    "github.com/bmizerany/assert",
    "github.com/grafana/globalconf",
    "github.com/grafana/metrictank/logger",
    "github.com/metrics20/go-metrics20/carbon20",
    "github.com/raintank/dur",
    "github.com/sirupsen/logrus",
    "github.com/tv42/topic",
  ]
  solver-name = "gps-cdcl"
  solver-version = 1
